
Microsoft Visual Studio Solution File, Format Version 12.00
Project("{2150E333-8FDC-42A3-9474-1A3956D46DE8}") = "tests", "tests", "{0AB3BF05-4346-4AA6-1389-037BE0695223}"
EndProject
Project("{FAE04EC0-301F-11D3-BF4B-00C04F79EFBC}") = "LlmObservabilityLab.UseCases.Tests", "tests\LlmObservabilityLab.UseCases.Tests\LlmObservabilityLab.UseCases.Tests.csproj", "{F9EF323A-3A95-4828-91A9-0928768501A6}"
EndProject
Project("{2150E333-8FDC-42A3-9474-1A3956D46DE8}") = "tools", "tools", "{07C2787E-EAC7-C090-1BA3-A61EC2A24D84}"
EndProject
Project("{FAE04EC0-301F-11D3-BF4B-00C04F79EFBC}") = "LlmObservabilityLab.Traffic", "tools\LlmObservabilityLab.Traffic\LlmObservabilityLab.Traffic.csproj", "{473E7453-C373-4D5A-8EF7-98707913B062}"
EndProject
Project("{2150E333-8FDC-42A3-9474-1A3956D46DE8}") = "src", "src", "{827E0CD3-B72D-47B6-A68D-7590B98EB39B}"
EndProject
Project("{FAE04EC0-301F-11D3-BF4B-00C04F79EFBC}") = "LlmObservabilityLab.Api", "src\LlmObservabilityLab.Api\LlmObservabilityLab.Api.csproj", "{3A8BCAAF-1286-4CCE-8032-AFB0F61B869F}"
EndProject
Global
	GlobalSection(SolutionConfigurationPlatforms) = preSolution
		Debug|Any CPU = Debug|Any CPU
		Debug|x64 = Debug|x64
		Debug|x86 = Debug|x86
		Release|Any CPU = Release|Any CPU
		Release|x64 = Release|x64
		Release|x86 = Release|x86
	EndGlobalSection
	GlobalSection(ProjectConfigurationPlatforms) = postSolution
		{F9EF323A-3A95-4828-91A9-0928768501A6}.Debug|Any CPU.ActiveCfg = Debug|Any CPU
		{F9EF323A-3A95-4828-91A9-0928768501A6}.Debug|Any CPU.Build.0 = Debug|Any CPU
		{F9EF323A-3A95-4828-91A9-0928768501A6}.Debug|x64.ActiveCfg = Debug|Any CPU
		{F9EF323A-3A95-4828-91A9-0928768501A6}.Debug|x64.Build.0 = Debug|Any CPU
		{F9EF323A-3A95-4828-91A9-0928768501A6}.Debug|x86.ActiveCfg = Debug|Any CPU
		{F9EF323A-3A95-4828-91A9-0928768501A6}.Debug|x86.Build.0 = Debug|Any CPU
		{F9EF323A-3A95-4828-91A9-0928768501A6}.Release|Any CPU.ActiveCfg = Release|Any CPU
		{F9EF323A-3A95-4828-91A9-0928768501A6}.Release|Any CPU.Build.0 = Release|Any CPU
		{F9EF323A-3A95-4828-91A9-0928768501A6}.Release|x64.ActiveCfg = Release|Any CPU
		{F9EF323A-3A95-4828-91A9-0928768501A6}.Release|x64.Build.0 = Release|Any CPU
		{F9EF323A-3A95-4828-91A9-0928768501A6}.Release|x86.ActiveCfg = Release|Any CPU
		{F9EF323A-3A95-4828-91A9-0928768501A6}.Release|x86.Build.0 = Release|Any CPU
		{473E7453-C373-4D5A-8EF7-98707913B062}.Debug|Any CPU.ActiveCfg = Debug|Any CPU
		{473E7453-C373-4D5A-8EF7-98707913B062}.Debug|Any CPU.Build.0 = Debug|Any CPU
		{473E7453-C373-4D5A-8EF7-98707913B062}.Debug|x64.ActiveCfg = Debug|Any CPU
		{473E7453-C373-4D5A-8EF7-98707913B062}.Debug|x64.Build.0 = Debug|Any CPU
		{473E7453-C373-4D5A-8EF7-98707913B062}.Debug|x86.ActiveCfg = Debug|Any CPU
		{473E7453-C373-4D5A-8EF7-98707913B062}.Debug|x86.Build.0 = Debug|Any CPU
		{473E7453-C373-4D5A-8EF7-98707913B062}.Release|Any CPU.ActiveCfg = Release|Any CPU
		{473E7453-C373-4D5A-8EF7-98707913B062}.Release|Any CPU.Build.0 = Release|Any CPU
		{473E7453-C373-4D5A-8EF7-98707913B062}.Release|x64.ActiveCfg = Release|Any CPU
		{473E7453-C373-4D5A-8EF7-98707913B062}.Release|x64.Build.0 = Release|Any CPU
		{473E7453-C373-4D5A-8EF7-98707913B062}.Release|x86.ActiveCfg = Release|Any CPU
		{473E7453-C373-4D5A-8EF7-98707913B062}.Release|x86.Build.0 = Release|Any CPU
		{3A8BCAAF-1286-4CCE-8032-AFB0F61B869F}.Debug|Any CPU.ActiveCfg = Debug|Any CPU
		{3A8BCAAF-1286-4CCE-8032-AFB0F61B869F}.Debug|Any CPU.Build.0 = Debug|Any CPU
		{3A8BCAAF-1286-4CCE-8032-AFB0F61B869F}.Debug|x64.ActiveCfg = Debug|Any CPU
		{3A8BCAAF-1286-4CCE-8032-AFB0F61B869F}.Debug|x64.Build.0 = Debug|Any CPU
		{3A8BCAAF-1286-4CCE-8032-AFB0F61B869F}.Debug|x86.ActiveCfg = Debug|Any CPU
		{3A8BCAAF-1286-4CCE-8032-AFB0F61B869F}.Debug|x86.Build.0 = Debug|Any CPU
		{3A8BCAAF-1286-4CCE-8032-AFB0F61B869F}.Release|Any CPU.ActiveCfg = Release|Any CPU
		{3A8BCAAF-1286-4CCE-8032-AFB0F61B869F}.Release|Any CPU.Build.0 = Release|Any CPU
		{3A8BCAAF-1286-4CCE-8032-AFB0F61B869F}.Release|x64.ActiveCfg = Release|Any CPU
		{3A8BCAAF-1286-4CCE-8032-AFB0F61B869F}.Release|x64.Build.0 = Release|Any CPU
		{3A8BCAAF-1286-4CCE-8032-AFB0F61B869F}.Release|x86.ActiveCfg = Release|Any CPU
		{3A8BCAAF-1286-4CCE-8032-AFB0F61B869F}.Release|x86.Build.0 = Release|Any CPU
	EndGlobalSection
	GlobalSection(SolutionProperties) = preSolution
		HideSolutionNode = FALSE
	EndGlobalSection
	GlobalSection(NestedProjects) = preSolution
		{F9EF323A-3A95-4828-91A9-0928768501A6} = {0AB3BF05-4346-4AA6-1389-037BE0695223}
		{473E7453-C373-4D5A-8EF7-98707913B062} = {07C2787E-EAC7-C090-1BA3-A61EC2A24D84}
		{3A8BCAAF-1286-4CCE-8032-AFB0F61B869F} = {827E0CD3-B72D-47B6-A68D-7590B98EB39B}
	EndGlobalSection
EndGlobal
